
Microsoft Visual Studio Solution File, Format Version 12.00
# Visual Studio 2017
Project("{FAE04EC0-301F-11D3-BF4B-00C04F79EFBC}") = "Snake 2d", "Snake 2d.csproj", "{C2E8EBFD-9365-54E4-15BF-4F87345C11E2}"
EndProject
Global
	GlobalSection(SolutionConfigurationPlatforms) = preSolution
		Debug|Any CPU = Debug|Any CPU
		Release|Any CPU = Release|Any CPU
	EndGlobalSection
	GlobalSection(ProjectConfigurationPlatforms) = postSolution
		{C2E8EBFD-9365-54E4-15BF-4F87345C11E2}.Debug|Any CPU.ActiveCfg = Debug|Any CPU
		{C2E8EBFD-9365-54E4-15BF-4F87345C11E2}.Debug|Any CPU.Build.0 = Debug|Any CPU
		{C2E8EBFD-9365-54E4-15BF-4F87345C11E2}.Release|Any CPU.ActiveCfg = Release|Any CPU
		{C2E8EBFD-9365-54E4-15BF-4F87345C11E2}.Release|Any CPU.Build.0 = Release|Any CPU
	EndGlobalSection
	GlobalSection(SolutionProperties) = preSolution
		HideSolutionNode = FALSE
	EndGlobalSection
EndGlobal
